
Microsoft Visual Studio Solution File, Format Version 12.00
# Visual Studio Version 17
VisualStudioVersion = 17.5.33530.505
MinimumVisualStudioVersion = 10.0.40219.1
Project("{9A19103F-16F7-4668-BE54-9A1E7A4F7556}") = "Domain", "Entities\Domain.csproj", "{DA790DAC-6F77-44B3-B62E-2628F97D5A4E}"
EndProject
Project("{9A19103F-16F7-4668-BE54-9A1E7A4F7556}") = "Data", "Data\Data.csproj", "{464513F3-092F-4304-8389-22CA896162EE}"
EndProject
Project("{9A19103F-16F7-4668-BE54-9A1E7A4F7556}") = "Services", "Services\Services.csproj", "{F8DC5E94-46FB-47ED-B639-0A5C0C7DC23F}"
EndProject
Project("{9A19103F-16F7-4668-BE54-9A1E7A4F7556}") = "DTOs", "DTOs\DTOs.csproj", "{18CB22C7-C6EB-401F-956A-F9471E222920}"
EndProject
Project("{9A19103F-16F7-4668-BE54-9A1E7A4F7556}") = "ThinkusAPI.Data.UnitTests", "ThinkusAPI.Data.UnitTests\ThinkusAPI.Data.UnitTests.csproj", "{3AAD1E66-2E2C-473A-9F1C-90065C4FDCD2}"
EndProject
Project("{FAE04EC0-301F-11D3-BF4B-00C04F79EFBC}") = "ThinkAPI", "ThinkAPI\ThinkAPI.csproj", "{2C9C3C8D-37D5-4A47-8174-B5A89AF2F66E}"
	ProjectSection(ProjectDependencies) = postProject
		{F8DC5E94-46FB-47ED-B639-0A5C0C7DC23F} = {F8DC5E94-46FB-47ED-B639-0A5C0C7DC23F}
	EndProjectSection
EndProject
Global
	GlobalSection(SolutionConfigurationPlatforms) = preSolution
		Debug|Any CPU = Debug|Any CPU
		Release|Any CPU = Release|Any CPU
	EndGlobalSection
	GlobalSection(ProjectConfigurationPlatforms) = postSolution
		{DA790DAC-6F77-44B3-B62E-2628F97D5A4E}.Debug|Any CPU.ActiveCfg = Debug|Any CPU
		{DA790DAC-6F77-44B3-B62E-2628F97D5A4E}.Debug|Any CPU.Build.0 = Debug|Any CPU
		{DA790DAC-6F77-44B3-B62E-2628F97D5A4E}.Release|Any CPU.ActiveCfg = Release|Any CPU
		{DA790DAC-6F77-44B3-B62E-2628F97D5A4E}.Release|Any CPU.Build.0 = Release|Any CPU
		{464513F3-092F-4304-8389-22CA896162EE}.Debug|Any CPU.ActiveCfg = Debug|Any CPU
		{464513F3-092F-4304-8389-22CA896162EE}.Debug|Any CPU.Build.0 = Debug|Any CPU
		{464513F3-092F-4304-8389-22CA896162EE}.Release|Any CPU.ActiveCfg = Release|Any CPU
		{464513F3-092F-4304-8389-22CA896162EE}.Release|Any CPU.Build.0 = Release|Any CPU
		{F8DC5E94-46FB-47ED-B639-0A5C0C7DC23F}.Debug|Any CPU.ActiveCfg = Debug|Any CPU
		{F8DC5E94-46FB-47ED-B639-0A5C0C7DC23F}.Debug|Any CPU.Build.0 = Debug|Any CPU
		{F8DC5E94-46FB-47ED-B639-0A5C0C7DC23F}.Release|Any CPU.ActiveCfg = Release|Any CPU
		{F8DC5E94-46FB-47ED-B639-0A5C0C7DC23F}.Release|Any CPU.Build.0 = Release|Any CPU
		{18CB22C7-C6EB-401F-956A-F9471E222920}.Debug|Any CPU.ActiveCfg = Debug|Any CPU
		{18CB22C7-C6EB-401F-956A-F9471E222920}.Debug|Any CPU.Build.0 = Debug|Any CPU
		{18CB22C7-C6EB-401F-956A-F9471E222920}.Release|Any CPU.ActiveCfg = Release|Any CPU
		{18CB22C7-C6EB-401F-956A-F9471E222920}.Release|Any CPU.Build.0 = Release|Any CPU
		{3AAD1E66-2E2C-473A-9F1C-90065C4FDCD2}.Debug|Any CPU.ActiveCfg = Debug|Any CPU
		{3AAD1E66-2E2C-473A-9F1C-90065C4FDCD2}.Debug|Any CPU.Build.0 = Debug|Any CPU
		{3AAD1E66-2E2C-473A-9F1C-90065C4FDCD2}.Release|Any CPU.ActiveCfg = Release|Any CPU
		{3AAD1E66-2E2C-473A-9F1C-90065C4FDCD2}.Release|Any CPU.Build.0 = Release|Any CPU
		{2C9C3C8D-37D5-4A47-8174-B5A89AF2F66E}.Debug|Any CPU.ActiveCfg = Debug|Any CPU
		{2C9C3C8D-37D5-4A47-8174-B5A89AF2F66E}.Debug|Any CPU.Build.0 = Debug|Any CPU
		{2C9C3C8D-37D5-4A47-8174-B5A89AF2F66E}.Release|Any CPU.ActiveCfg = Release|Any CPU
		{2C9C3C8D-37D5-4A47-8174-B5A89AF2F66E}.Release|Any CPU.Build.0 = Release|Any CPU
	EndGlobalSection
	GlobalSection(SolutionProperties) = preSolution
		HideSolutionNode = FALSE
	EndGlobalSection
	GlobalSection(ExtensibilityGlobals) = postSolution
		SolutionGuid = {1BF016C0-5CA1-4E03-BC38-F7E0B84A224C}
	EndGlobalSection
EndGlobal
